
Microsoft Visual Studio Solution File, Format Version 12.00
# Visual Studio Version 17
VisualStudioVersion = 17.7.34031.279
MinimumVisualStudioVersion = 10.0.40219.1
Project("{FAE04EC0-301F-11D3-BF4B-00C04F79EFBC}") = "Funda", "Funda\Funda.csproj", "{EABEA593-646C-4C50-BCC5-26D9B06586C7}"
EndProject
Global
	GlobalSection(SolutionConfigurationPlatforms) = preSolution
		Debug|Any CPU = Debug|Any CPU
		Release|Any CPU = Release|Any CPU
	EndGlobalSection
	GlobalSection(ProjectConfigurationPlatforms) = postSolution
		{EABEA593-646C-4C50-BCC5-26D9B06586C7}.Debug|Any CPU.ActiveCfg = Debug|Any CPU
		{EABEA593-646C-4C50-BCC5-26D9B06586C7}.Debug|Any CPU.Build.0 = Debug|Any CPU
		{EABEA593-646C-4C50-BCC5-26D9B06586C7}.Release|Any CPU.ActiveCfg = Release|Any CPU
		{EABEA593-646C-4C50-BCC5-26D9B06586C7}.Release|Any CPU.Build.0 = Release|Any CPU
	EndGlobalSection
	GlobalSection(SolutionProperties) = preSolution
		HideSolutionNode = FALSE
	EndGlobalSection
	GlobalSection(ExtensibilityGlobals) = postSolution
		SolutionGuid = {F54E055B-BFE1-4713-BF04-5B688B03028E}
	EndGlobalSection
EndGlobal
